
Microsoft Visual Studio Solution File, Format Version 12.00
# Visual Studio Version 17
VisualStudioVersion = 17.0.32014.148
MinimumVisualStudioVersion = 10.0.40219.1
Project("{9A19103F-16F7-4668-BE54-9A1E7A4F7556}") = "UnityLesson_CSharp_ProgramClass", "UnityLesson_CSharp_ProgramClass\UnityLesson_CSharp_ProgramClass.csproj", "{7BBA09A0-58C4-4025-AD6F-EDD7AD3FCCFB}"
EndProject
Project("{9A19103F-16F7-4668-BE54-9A1E7A4F7556}") = "UnityLesson_CSharp_ProgramClass_Dotnet5", "UnityLesson_CSharp_ProgramClass_Dotnet5\UnityLesson_CSharp_ProgramClass_Dotnet5.csproj", "{4741F2A0-E7DC-403A-9941-1E185A0ED955}"
EndProject
Project("{9A19103F-16F7-4668-BE54-9A1E7A4F7556}") = "UnityLesson_CSharp_Variable", "UnityLesson_CSharp_Variable\UnityLesson_CSharp_Variable.csproj", "{5BB7EC68-F8B7-4D79-86BA-0824B1652679}"
EndProject
Project("{9A19103F-16F7-4668-BE54-9A1E7A4F7556}") = "UnityLesson_CSharp_if", "UnityLesson_CSharp_if\UnityLesson_CSharp_if.csproj", "{4D1358AA-92A8-4E1F-936E-EF0338C7190E}"
EndProject
Project("{9A19103F-16F7-4668-BE54-9A1E7A4F7556}") = "UnityLesson_CSharp_Method", "UnityLesson_CSharp_Method\UnityLesson_CSharp_Method.csproj", "{587AAA3D-D6CD-4EDC-AA5E-BCD7A065CCD1}"
EndProject
Project("{9A19103F-16F7-4668-BE54-9A1E7A4F7556}") = "UnityLesson_ClassIncludingVariablesFunctions", "UnityLesson_ClassIncludingVariablesFunctions\UnityLesson_ClassIncludingVariablesFunctions.csproj", "{64FC4BA2-8FB6-4796-B2EA-47937D2EFED7}"
EndProject
Project("{9A19103F-16F7-4668-BE54-9A1E7A4F7556}") = "UnityLesson_CSharp_ClassObjectInstance", "UnityLesson_CSharp_ClassObjectInstance\UnityLesson_CSharp_ClassObjectInstance.csproj", "{772B5E52-F1F7-44A3-A8F2-FBCEF5925E4E}"
EndProject
Project("{9A19103F-16F7-4668-BE54-9A1E7A4F7556}") = "UnityLesson_CSharp_InstantiationOfObject", "UnityLesson_CSharp_InstantiationOfClass\UnityLesson_CSharp_InstantiationOfObject.csproj", "{3F2DD0B3-29D3-49C2-8E90-923104E32CF9}"
EndProject
Project("{9A19103F-16F7-4668-BE54-9A1E7A4F7556}") = "UnityLesson_CSharp_StaticExample", "UnityLesson_CSharp_StaticExample\UnityLesson_CSharp_StaticExample.csproj", "{58DFFB83-0B06-40B5-AD46-7D4981DEF7FE}"
EndProject
Project("{9A19103F-16F7-4668-BE54-9A1E7A4F7556}") = "UnityLesson_CSharp_InstantiationExample1", "UnityLesson_CSharp_InstantiationExample1\UnityLesson_CSharp_InstantiationExample1.csproj", "{5228D171-82A6-4F9D-B596-E4A909D7BDDE}"
EndProject
Project("{9A19103F-16F7-4668-BE54-9A1E7A4F7556}") = "UnityLesson_CSharp_Operator", "UnityLesson_CSharp_Operator\UnityLesson_CSharp_Operator.csproj", "{4F3ACBC8-B7FF-4C4B-AC8E-DE5BE1C40B26}"
EndProject
Project("{9A19103F-16F7-4668-BE54-9A1E7A4F7556}") = "Mine", "Mine\Mine.csproj", "{C97925CA-D1BB-433E-B65E-549EE7176C39}"
EndProject
Project("{9A19103F-16F7-4668-BE54-9A1E7A4F7556}") = "UnityLesson_CSharp_Array", "UnityLesson_b\UnityLesson_CSharp_Array.csproj", "{3C04A259-F118-4397-8BF5-3BA727EA82C2}"
EndProject
Project("{9A19103F-16F7-4668-BE54-9A1E7A4F7556}") = "UnityLesson_CSharp_ForLoop", "UnityLesson_CSharp_ForLoop\UnityLesson_CSharp_ForLoop.csproj", "{3E80DA35-9BCE-4754-9C7F-EEAFDEDE9AAF}"
EndProject
Project("{9A19103F-16F7-4668-BE54-9A1E7A4F7556}") = "UnityLesson_CSharp_Colletion", "UnityLesson_CSharp_Colletion\UnityLesson_CSharp_Colletion.csproj", "{8700A715-75AF-4BB2-8A11-694702F52499}"
EndProject
Project("{9A19103F-16F7-4668-BE54-9A1E7A4F7556}") = "UnityLesson_CSharp_EnnumAndSwitchCase", "UnityLesson_CSharp_EnnumAndSwitchCase\UnityLesson_CSharp_EnnumAndSwitchCase.csproj", "{C282782B-5CC1-424A-9C6A-0B3A9C9B1FC9}"
EndProject
Project("{9A19103F-16F7-4668-BE54-9A1E7A4F7556}") = "UnityLesson_CSharp_Structure", "UnityLesson_CSharp_Structure\UnityLesson_CSharp_Structure.csproj", "{FD94881D-AE17-45FA-9EAE-98C1A3551DDD}"
EndProject
Project("{9A19103F-16F7-4668-BE54-9A1E7A4F7556}") = "UnityLesson_CSharp_Structure_1", "UnityLesson_CSharp_Structure_1\UnityLesson_CSharp_Structure_1.csproj", "{0F98976C-45B5-4C45-B3D7-A77B25AE1C06}"
EndProject
Project("{FAE04EC0-301F-11D3-BF4B-00C04F79EFBC}") = "hores", "hores\hores.csproj", "{233017F7-A837-488A-9B4F-F42E088AD472}"
EndProject
Project("{FAE04EC0-301F-11D3-BF4B-00C04F79EFBC}") = "dice", "dice\dice.csproj", "{86E7E440-E4EE-46A0-9C2C-70466C53B668}"
EndProject
Global
	GlobalSection(SolutionConfigurationPlatforms) = preSolution
		Debug|Any CPU = Debug|Any CPU
		Release|Any CPU = Release|Any CPU
	EndGlobalSection
	GlobalSection(ProjectConfigurationPlatforms) = postSolution
		{7BBA09A0-58C4-4025-AD6F-EDD7AD3FCCFB}.Debug|Any CPU.ActiveCfg = Debug|Any CPU
		{7BBA09A0-58C4-4025-AD6F-EDD7AD3FCCFB}.Debug|Any CPU.Build.0 = Debug|Any CPU
		{7BBA09A0-58C4-4025-AD6F-EDD7AD3FCCFB}.Release|Any CPU.ActiveCfg = Release|Any CPU
		{7BBA09A0-58C4-4025-AD6F-EDD7AD3FCCFB}.Release|Any CPU.Build.0 = Release|Any CPU
		{4741F2A0-E7DC-403A-9941-1E185A0ED955}.Debug|Any CPU.ActiveCfg = Debug|Any CPU
		{4741F2A0-E7DC-403A-9941-1E185A0ED955}.Debug|Any CPU.Build.0 = Debug|Any CPU
		{4741F2A0-E7DC-403A-9941-1E185A0ED955}.Release|Any CPU.ActiveCfg = Release|Any CPU
		{4741F2A0-E7DC-403A-9941-1E185A0ED955}.Release|Any CPU.Build.0 = Release|Any CPU
		{5BB7EC68-F8B7-4D79-86BA-0824B1652679}.Debug|Any CPU.ActiveCfg = Debug|Any CPU
		{5BB7EC68-F8B7-4D79-86BA-0824B1652679}.Debug|Any CPU.Build.0 = Debug|Any CPU
		{5BB7EC68-F8B7-4D79-86BA-0824B1652679}.Release|Any CPU.ActiveCfg = Release|Any CPU
		{5BB7EC68-F8B7-4D79-86BA-0824B1652679}.Release|Any CPU.Build.0 = Release|Any CPU
		{4D1358AA-92A8-4E1F-936E-EF0338C7190E}.Debug|Any CPU.ActiveCfg = Debug|Any CPU
		{4D1358AA-92A8-4E1F-936E-EF0338C7190E}.Debug|Any CPU.Build.0 = Debug|Any CPU
		{4D1358AA-92A8-4E1F-936E-EF0338C7190E}.Release|Any CPU.ActiveCfg = Release|Any CPU
		{4D1358AA-92A8-4E1F-936E-EF0338C7190E}.Release|Any CPU.Build.0 = Release|Any CPU
		{587AAA3D-D6CD-4EDC-AA5E-BCD7A065CCD1}.Debug|Any CPU.ActiveCfg = Debug|Any CPU
		{587AAA3D-D6CD-4EDC-AA5E-BCD7A065CCD1}.Debug|Any CPU.Build.0 = Debug|Any CPU
		{587AAA3D-D6CD-4EDC-AA5E-BCD7A065CCD1}.Release|Any CPU.ActiveCfg = Release|Any CPU
		{587AAA3D-D6CD-4EDC-AA5E-BCD7A065CCD1}.Release|Any CPU.Build.0 = Release|Any CPU
		{64FC4BA2-8FB6-4796-B2EA-47937D2EFED7}.Debug|Any CPU.ActiveCfg = Debug|Any CPU
		{64FC4BA2-8FB6-4796-B2EA-47937D2EFED7}.Debug|Any CPU.Build.0 = Debug|Any CPU
		{64FC4BA2-8FB6-4796-B2EA-47937D2EFED7}.Release|Any CPU.ActiveCfg = Release|Any CPU
		{64FC4BA2-8FB6-4796-B2EA-47937D2EFED7}.Release|Any CPU.Build.0 = Release|Any CPU
		{772B5E52-F1F7-44A3-A8F2-FBCEF5925E4E}.Debug|Any CPU.ActiveCfg = Debug|Any CPU
		{772B5E52-F1F7-44A3-A8F2-FBCEF5925E4E}.Debug|Any CPU.Build.0 = Debug|Any CPU
		{772B5E52-F1F7-44A3-A8F2-FBCEF5925E4E}.Release|Any CPU.ActiveCfg = Release|Any CPU
		{772B5E52-F1F7-44A3-A8F2-FBCEF5925E4E}.Release|Any CPU.Build.0 = Release|Any CPU
		{3F2DD0B3-29D3-49C2-8E90-923104E32CF9}.Debug|Any CPU.ActiveCfg = Debug|Any CPU
		{3F2DD0B3-29D3-49C2-8E90-923104E32CF9}.Debug|Any CPU.Build.0 = Debug|Any CPU
		{3F2DD0B3-29D3-49C2-8E90-923104E32CF9}.Release|Any CPU.ActiveCfg = Release|Any CPU
		{3F2DD0B3-29D3-49C2-8E90-923104E32CF9}.Release|Any CPU.Build.0 = Release|Any CPU
		{58DFFB83-0B06-40B5-AD46-7D4981DEF7FE}.Debug|Any CPU.ActiveCfg = Debug|Any CPU
		{58DFFB83-0B06-40B5-AD46-7D4981DEF7FE}.Debug|Any CPU.Build.0 = Debug|Any CPU
		{58DFFB83-0B06-40B5-AD46-7D4981DEF7FE}.Release|Any CPU.ActiveCfg = Release|Any CPU
		{58DFFB83-0B06-40B5-AD46-7D4981DEF7FE}.Release|Any CPU.Build.0 = Release|Any CPU
		{5228D171-82A6-4F9D-B596-E4A909D7BDDE}.Debug|Any CPU.ActiveCfg = Debug|Any CPU
		{5228D171-82A6-4F9D-B596-E4A909D7BDDE}.Debug|Any CPU.Build.0 = Debug|Any CPU
		{5228D171-82A6-4F9D-B596-E4A909D7BDDE}.Release|Any CPU.ActiveCfg = Release|Any CPU
		{5228D171-82A6-4F9D-B596-E4A909D7BDDE}.Release|Any CPU.Build.0 = Release|Any CPU
		{4F3ACBC8-B7FF-4C4B-AC8E-DE5BE1C40B26}.Debug|Any CPU.ActiveCfg = Debug|Any CPU
		{4F3ACBC8-B7FF-4C4B-AC8E-DE5BE1C40B26}.Debug|Any CPU.Build.0 = Debug|Any CPU
		{4F3ACBC8-B7FF-4C4B-AC8E-DE5BE1C40B26}.Release|Any CPU.ActiveCfg = Release|Any CPU
		{4F3ACBC8-B7FF-4C4B-AC8E-DE5BE1C40B26}.Release|Any CPU.Build.0 = Release|Any CPU
		{C97925CA-D1BB-433E-B65E-549EE7176C39}.Debug|Any CPU.ActiveCfg = Debug|Any CPU
		{C97925CA-D1BB-433E-B65E-549EE7176C39}.Debug|Any CPU.Build.0 = Debug|Any CPU
		{C97925CA-D1BB-433E-B65E-549EE7176C39}.Release|Any CPU.ActiveCfg = Release|Any CPU
		{C97925CA-D1BB-433E-B65E-549EE7176C39}.Release|Any CPU.Build.0 = Release|Any CPU
		{3C04A259-F118-4397-8BF5-3BA727EA82C2}.Debug|Any CPU.ActiveCfg = Debug|Any CPU
		{3C04A259-F118-4397-8BF5-3BA727EA82C2}.Debug|Any CPU.Build.0 = Debug|Any CPU
		{3C04A259-F118-4397-8BF5-3BA727EA82C2}.Release|Any CPU.ActiveCfg = Release|Any CPU
		{3C04A259-F118-4397-8BF5-3BA727EA82C2}.Release|Any CPU.Build.0 = Release|Any CPU
		{3E80DA35-9BCE-4754-9C7F-EEAFDEDE9AAF}.Debug|Any CPU.ActiveCfg = Debug|Any CPU
		{3E80DA35-9BCE-4754-9C7F-EEAFDEDE9AAF}.Debug|Any CPU.Build.0 = Debug|Any CPU
		{3E80DA35-9BCE-4754-9C7F-EEAFDEDE9AAF}.Release|Any CPU.ActiveCfg = Release|Any CPU
		{3E80DA35-9BCE-4754-9C7F-EEAFDEDE9AAF}.Release|Any CPU.Build.0 = Release|Any CPU
		{8700A715-75AF-4BB2-8A11-694702F52499}.Debug|Any CPU.ActiveCfg = Debug|Any CPU
		{8700A715-75AF-4BB2-8A11-694702F52499}.Debug|Any CPU.Build.0 = Debug|Any CPU
		{8700A715-75AF-4BB2-8A11-694702F52499}.Release|Any CPU.ActiveCfg = Release|Any CPU
		{8700A715-75AF-4BB2-8A11-694702F52499}.Release|Any CPU.Build.0 = Release|Any CPU
		{C282782B-5CC1-424A-9C6A-0B3A9C9B1FC9}.Debug|Any CPU.ActiveCfg = Debug|Any CPU
		{C282782B-5CC1-424A-9C6A-0B3A9C9B1FC9}.Debug|Any CPU.Build.0 = Debug|Any CPU
		{C282782B-5CC1-424A-9C6A-0B3A9C9B1FC9}.Release|Any CPU.ActiveCfg = Release|Any CPU
		{C282782B-5CC1-424A-9C6A-0B3A9C9B1FC9}.Release|Any CPU.Build.0 = Release|Any CPU
		{FD94881D-AE17-45FA-9EAE-98C1A3551DDD}.Debug|Any CPU.ActiveCfg = Debug|Any CPU
		{FD94881D-AE17-45FA-9EAE-98C1A3551DDD}.Debug|Any CPU.Build.0 = Debug|Any CPU
		{FD94881D-AE17-45FA-9EAE-98C1A3551DDD}.Release|Any CPU.ActiveCfg = Release|Any CPU
		{FD94881D-AE17-45FA-9EAE-98C1A3551DDD}.Release|Any CPU.Build.0 = Release|Any CPU
		{0F98976C-45B5-4C45-B3D7-A77B25AE1C06}.Debug|Any CPU.ActiveCfg = Debug|Any CPU
		{0F98976C-45B5-4C45-B3D7-A77B25AE1C06}.Debug|Any CPU.Build.0 = Debug|Any CPU
		{0F98976C-45B5-4C45-B3D7-A77B25AE1C06}.Release|Any CPU.ActiveCfg = Release|Any CPU
		{0F98976C-45B5-4C45-B3D7-A77B25AE1C06}.Release|Any CPU.Build.0 = Release|Any CPU
		{233017F7-A837-488A-9B4F-F42E088AD472}.Debug|Any CPU.ActiveCfg = Debug|Any CPU
		{233017F7-A837-488A-9B4F-F42E088AD472}.Debug|Any CPU.Build.0 = Debug|Any CPU
		{233017F7-A837-488A-9B4F-F42E088AD472}.Release|Any CPU.ActiveCfg = Release|Any CPU
		{233017F7-A837-488A-9B4F-F42E088AD472}.Release|Any CPU.Build.0 = Release|Any CPU
		{86E7E440-E4EE-46A0-9C2C-70466C53B668}.Debug|Any CPU.ActiveCfg = Debug|Any CPU
		{86E7E440-E4EE-46A0-9C2C-70466C53B668}.Debug|Any CPU.Build.0 = Debug|Any CPU
		{86E7E440-E4EE-46A0-9C2C-70466C53B668}.Release|Any CPU.ActiveCfg = Release|Any CPU
		{86E7E440-E4EE-46A0-9C2C-70466C53B668}.Release|Any CPU.Build.0 = Release|Any CPU
	EndGlobalSection
	GlobalSection(SolutionProperties) = preSolution
		HideSolutionNode = FALSE
	EndGlobalSection
	GlobalSection(ExtensibilityGlobals) = postSolution
		SolutionGuid = {84F54131-A323-4771-BCAA-64FE6817A002}
	EndGlobalSection
EndGlobal
